
Microsoft Visual Studio Solution File, Format Version 12.00
# Visual Studio Version 16
VisualStudioVersion = 16.0.31424.327
MinimumVisualStudioVersion = 10.0.40219.1
Project("{FAE04EC0-301F-11D3-BF4B-00C04F79EFBC}") = "VehicleInspectionApplication", "VehicleInspectionApplication\VehicleInspectionApplication.csproj", "{4337D55A-04C0-425C-BB93-85389F252C88}"
EndProject
Project("{FAE04EC0-301F-11D3-BF4B-00C04F79EFBC}") = "DataAccessLayer", "DataAccessLayer\DataAccessLayer.csproj", "{809469D6-D4EE-4016-A08E-C774D5457A25}"
EndProject
Project("{FAE04EC0-301F-11D3-BF4B-00C04F79EFBC}") = "InspectionUnitTest", "InspectionUnitTest\InspectionUnitTest.csproj", "{4CC7A506-0107-4788-BF65-ED27FB294FBD}"
EndProject
Global
	GlobalSection(SolutionConfigurationPlatforms) = preSolution
		Debug|Any CPU = Debug|Any CPU
		Release|Any CPU = Release|Any CPU
	EndGlobalSection
	GlobalSection(ProjectConfigurationPlatforms) = postSolution
		{4337D55A-04C0-425C-BB93-85389F252C88}.Debug|Any CPU.ActiveCfg = Debug|Any CPU
		{4337D55A-04C0-425C-BB93-85389F252C88}.Debug|Any CPU.Build.0 = Debug|Any CPU
		{4337D55A-04C0-425C-BB93-85389F252C88}.Release|Any CPU.ActiveCfg = Release|Any CPU
		{4337D55A-04C0-425C-BB93-85389F252C88}.Release|Any CPU.Build.0 = Release|Any CPU
		{809469D6-D4EE-4016-A08E-C774D5457A25}.Debug|Any CPU.ActiveCfg = Debug|Any CPU
		{809469D6-D4EE-4016-A08E-C774D5457A25}.Debug|Any CPU.Build.0 = Debug|Any CPU
		{809469D6-D4EE-4016-A08E-C774D5457A25}.Release|Any CPU.ActiveCfg = Release|Any CPU
		{809469D6-D4EE-4016-A08E-C774D5457A25}.Release|Any CPU.Build.0 = Release|Any CPU
		{4CC7A506-0107-4788-BF65-ED27FB294FBD}.Debug|Any CPU.ActiveCfg = Debug|Any CPU
		{4CC7A506-0107-4788-BF65-ED27FB294FBD}.Debug|Any CPU.Build.0 = Debug|Any CPU
		{4CC7A506-0107-4788-BF65-ED27FB294FBD}.Release|Any CPU.ActiveCfg = Release|Any CPU
		{4CC7A506-0107-4788-BF65-ED27FB294FBD}.Release|Any CPU.Build.0 = Release|Any CPU
	EndGlobalSection
	GlobalSection(SolutionProperties) = preSolution
		HideSolutionNode = FALSE
	EndGlobalSection
	GlobalSection(ExtensibilityGlobals) = postSolution
		SolutionGuid = {408C28F6-C694-4719-919E-49947F66D096}
	EndGlobalSection
EndGlobal
